
Microsoft Visual Studio Solution File, Format Version 12.00
# Visual Studio Version 17
VisualStudioVersion = 17.5.002.0
MinimumVisualStudioVersion = 10.0.40219.1
Project("{9A19103F-16F7-4668-BE54-9A1E7A4F7556}") = "IPLibrary", "IPLibrary.csproj", "{E8BD7BD5-8662-4B9B-A5CF-FC4961DECBCB}"
EndProject
Global
	GlobalSection(SolutionConfigurationPlatforms) = preSolution
		Debug|Any CPU = Debug|Any CPU
		Release|Any CPU = Release|Any CPU
	EndGlobalSection
	GlobalSection(ProjectConfigurationPlatforms) = postSolution
		{E8BD7BD5-8662-4B9B-A5CF-FC4961DECBCB}.Debug|Any CPU.ActiveCfg = Debug|Any CPU
		{E8BD7BD5-8662-4B9B-A5CF-FC4961DECBCB}.Debug|Any CPU.Build.0 = Debug|Any CPU
		{E8BD7BD5-8662-4B9B-A5CF-FC4961DECBCB}.Release|Any CPU.ActiveCfg = Release|Any CPU
		{E8BD7BD5-8662-4B9B-A5CF-FC4961DECBCB}.Release|Any CPU.Build.0 = Release|Any CPU
	EndGlobalSection
	GlobalSection(SolutionProperties) = preSolution
		HideSolutionNode = FALSE
	EndGlobalSection
	GlobalSection(ExtensibilityGlobals) = postSolution
		SolutionGuid = {B6C05B16-527D-439B-8D04-1128127CDCBB}
	EndGlobalSection
EndGlobal
